
Microsoft Visual Studio Solution File, Format Version 12.00
# Visual Studio Version 16
VisualStudioVersion = 16.0.31112.23
MinimumVisualStudioVersion = 10.0.40219.1
Project("{FAE04EC0-301F-11D3-BF4B-00C04F79EFBC}") = "DelegateInfoDelevery", "DelegateInfoDelevery\DelegateInfoDelevery.csproj", "{24BF4B41-2477-444A-BC83-23A0FD6EC7B0}"
EndProject
Global
	GlobalSection(SolutionConfigurationPlatforms) = preSolution
		Debug|Any CPU = Debug|Any CPU
		Release|Any CPU = Release|Any CPU
	EndGlobalSection
	GlobalSection(ProjectConfigurationPlatforms) = postSolution
		{24BF4B41-2477-444A-BC83-23A0FD6EC7B0}.Debug|Any CPU.ActiveCfg = Debug|Any CPU
		{24BF4B41-2477-444A-BC83-23A0FD6EC7B0}.Debug|Any CPU.Build.0 = Debug|Any CPU
		{24BF4B41-2477-444A-BC83-23A0FD6EC7B0}.Release|Any CPU.ActiveCfg = Release|Any CPU
		{24BF4B41-2477-444A-BC83-23A0FD6EC7B0}.Release|Any CPU.Build.0 = Release|Any CPU
	EndGlobalSection
	GlobalSection(SolutionProperties) = preSolution
		HideSolutionNode = FALSE
	EndGlobalSection
	GlobalSection(ExtensibilityGlobals) = postSolution
		SolutionGuid = {109B4C7B-8FF7-4BFA-ADC0-6F014112DA58}
	EndGlobalSection
EndGlobal
