
Microsoft Visual Studio Solution File, Format Version 12.00
# Visual Studio Version 16
VisualStudioVersion = 16.0.31112.23
MinimumVisualStudioVersion = 10.0.40219.1
Project("{9A19103F-16F7-4668-BE54-9A1E7A4F7556}") = "WordNumberOfTimesInString", "WordNumberOfTimesInString\WordNumberOfTimesInString.csproj", "{2BC6CEA1-AC2F-4154-81C1-5ABA4C8959B7}"
EndProject
Project("{FAE04EC0-301F-11D3-BF4B-00C04F79EFBC}") = "Test", "..\Test\Test\Test.csproj", "{CEEFB1FB-EBAE-4C67-A2D3-A2CD6E26F9A9}"
EndProject
Global
	GlobalSection(SolutionConfigurationPlatforms) = preSolution
		Debug|Any CPU = Debug|Any CPU
		Release|Any CPU = Release|Any CPU
	EndGlobalSection
	GlobalSection(ProjectConfigurationPlatforms) = postSolution
		{2BC6CEA1-AC2F-4154-81C1-5ABA4C8959B7}.Debug|Any CPU.ActiveCfg = Debug|Any CPU
		{2BC6CEA1-AC2F-4154-81C1-5ABA4C8959B7}.Debug|Any CPU.Build.0 = Debug|Any CPU
		{2BC6CEA1-AC2F-4154-81C1-5ABA4C8959B7}.Release|Any CPU.ActiveCfg = Release|Any CPU
		{2BC6CEA1-AC2F-4154-81C1-5ABA4C8959B7}.Release|Any CPU.Build.0 = Release|Any CPU
		{CEEFB1FB-EBAE-4C67-A2D3-A2CD6E26F9A9}.Debug|Any CPU.ActiveCfg = Debug|Any CPU
		{CEEFB1FB-EBAE-4C67-A2D3-A2CD6E26F9A9}.Debug|Any CPU.Build.0 = Debug|Any CPU
		{CEEFB1FB-EBAE-4C67-A2D3-A2CD6E26F9A9}.Release|Any CPU.ActiveCfg = Release|Any CPU
		{CEEFB1FB-EBAE-4C67-A2D3-A2CD6E26F9A9}.Release|Any CPU.Build.0 = Release|Any CPU
	EndGlobalSection
	GlobalSection(SolutionProperties) = preSolution
		HideSolutionNode = FALSE
	EndGlobalSection
	GlobalSection(ExtensibilityGlobals) = postSolution
		SolutionGuid = {70683FB2-324F-4651-9DDB-A0371FED464B}
	EndGlobalSection
EndGlobal
